{
  "nodes": {
    "nixpkgs": {
      "locked": {
        "lastModified": 1764242076,
        "narHash": "sha256-sKoIWfnijJ0+9e4wRvIgm/HgE27bzwQxcEmo2J/gNpI=",
        "owner": "NixOS",
        "repo": "nixpkgs",
        "rev": "2fad6eac6077f03fe109c4d4eb171cf96791faa4",
        "type": "github"
      },
      "original": {
        "owner": "NixOS",
        "ref": "nixos-unstable",
        "repo": "nixpkgs",
        "type": "github"
      }
    },
    "root": {
      "inputs": {
        "nixpkgs": "nixpkgs",
        "rust-overlay": "rust-overlay"
      }
    },
    "rust-overlay": {
      "inputs": {
        "nixpkgs": [
          "nixpkgs"
        ]
      },
      "locked": {
        "lastModified": 1764297505,
        "narHash": "sha256-qrLpVu2/hA9Cu6IovMEsgh9YRyvmmWS+bSx7C1JGChA=",
        "owner": "oxalica",
        "repo": "rust-overlay",
        "rev": "9623580f8ce09ec444b9aca107566ec5db110e62",
        "type": "github"
      },
      "original": {
        "owner": "oxalica",
        "repo": "rust-overlay",
        "type": "github"
      }
    }
  },
  "root": "root",
  "version": 7
}
